Microsoft Visual Studio Solution File, Format Version 12.00
# Visual Studio Version 17
VisualStudioVersion = 17.13.35806.99
MinimumVisualStudioVersion = 10.0.40219.1
Project("{FAE04EC0-301F-11D3-BF4B-00C04F79EFBC}") = "FutsalApi.AppHost", "FutsalApi.AppHost\FutsalApi.AppHost.csproj", "{D948ACA7-3E74-4898-9CDE-DF78D45DB51B}"
EndProject
Project("{FAE04EC0-301F-11D3-BF4B-00C04F79EFBC}") = "FutsalApi.ServiceDefaults", "FutsalApi.ServiceDefaults\FutsalApi.ServiceDefaults.csproj", "{C8A7FE61-FCE0-F38E-7DF0-9C2F6108A6B4}"
EndProject
Project("{FAE04EC0-301F-11D3-BF4B-00C04F79EFBC}") = "FutsalApi.ApiService", "FutsalApi.ApiService\FutsalApi.ApiService.csproj", "{615A241B-A299-1A54-37B2-7AAF7C81E5D3}"
EndProject
Project("{FAE04EC0-301F-11D3-BF4B-00C04F79EFBC}") = "FutsalApi.Tests", "FutsalApi.Tests\FutsalApi.Tests.csproj", "{1E1C6814-9E8A-E7DF-AE5A-AE3CADC134D6}"
EndProject
Project("{FAE04EC0-301F-11D3-BF4B-00C04F79EFBC}") = "FutsalApi.Data", "FutsalApi.Data\FutsalApi.Data.csproj", "{543BC7BA-3620-4596-A340-7DB387F5BECF}"
EndProject
Project("{FAE04EC0-301F-11D3-BF4B-00C04F79EFBC}") = "FutsalApi.UI", "FutsalApi.UI\FutsalApi.UI\FutsalApi.UI.csproj", "{07ED0FE1-F576-4C47-9E6E-35D9D6AE05B3}"
EndProject
Project("{FAE04EC0-301F-11D3-BF4B-00C04F79EFBC}") = "FutsalApi.UI.Shared", "FutsalApi.UI\FutsalApi.UI.Shared\FutsalApi.UI.Shared.csproj", "{89D47565-8361-407A-BAFD-868A6BF50EDD}"
EndProject
Project("{FAE04EC0-301F-11D3-BF4B-00C04F79EFBC}") = "FutsalApi.UI.Web", "FutsalApi.UI\FutsalApi.UI.Web\FutsalApi.UI.Web.csproj", "{57A45A9C-A503-46A1-A2F6-E4041EC88472}"
EndProject
Global
	GlobalSection(SolutionConfigurationPlatforms) = preSolution
		Debug|Any CPU = Debug|Any CPU
		Release|Any CPU = Release|Any CPU
	EndGlobalSection
	GlobalSection(ProjectConfigurationPlatforms) = postSolution
		{D948ACA7-3E74-4898-9CDE-DF78D45DB51B}.Debug|Any CPU.ActiveCfg = Debug|Any CPU
		{D948ACA7-3E74-4898-9CDE-DF78D45DB51B}.Debug|Any CPU.Build.0 = Debug|Any CPU
		{D948ACA7-3E74-4898-9CDE-DF78D45DB51B}.Release|Any CPU.ActiveCfg = Release|Any CPU
		{D948ACA7-3E74-4898-9CDE-DF78D45DB51B}.Release|Any CPU.Build.0 = Release|Any CPU
		{C8A7FE61-FCE0-F38E-7DF0-9C2F6108A6B4}.Debug|Any CPU.ActiveCfg = Debug|Any CPU
		{C8A7FE61-FCE0-F38E-7DF0-9C2F6108A6B4}.Debug|Any CPU.Build.0 = Debug|Any CPU
		{C8A7FE61-FCE0-F38E-7DF0-9C2F6108A6B4}.Release|Any CPU.ActiveCfg = Release|Any CPU
		{C8A7FE61-FCE0-F38E-7DF0-9C2F6108A6B4}.Release|Any CPU.Build.0 = Release|Any CPU
		{615A241B-A299-1A54-37B2-7AAF7C81E5D3}.Debug|Any CPU.ActiveCfg = Debug|Any CPU
		{615A241B-A299-1A54-37B2-7AAF7C81E5D3}.Debug|Any CPU.Build.0 = Debug|Any CPU
		{615A241B-A299-1A54-37B2-7AAF7C81E5D3}.Release|Any CPU.ActiveCfg = Release|Any CPU
		{615A241B-A299-1A54-37B2-7AAF7C81E5D3}.Release|Any CPU.Build.0 = Release|Any CPU
		{1E1C6814-9E8A-E7DF-AE5A-AE3CADC134D6}.Debug|Any CPU.ActiveCfg = Debug|Any CPU
		{1E1C6814-9E8A-E7DF-AE5A-AE3CADC134D6}.Debug|Any CPU.Build.0 = Debug|Any CPU
		{1E1C6814-9E8A-E7DF-AE5A-AE3CADC134D6}.Release|Any CPU.ActiveCfg = Release|Any CPU
		{1E1C6814-9E8A-E7DF-AE5A-AE3CADC134D6}.Release|Any CPU.Build.0 = Release|Any CPU
		{543BC7BA-3620-4596-A340-7DB387F5BECF}.Debug|Any CPU.ActiveCfg = Debug|Any CPU
		{543BC7BA-3620-4596-A340-7DB387F5BECF}.Debug|Any CPU.Build.0 = Debug|Any CPU
		{543BC7BA-3620-4596-A340-7DB387F5BECF}.Release|Any CPU.ActiveCfg = Release|Any CPU
		{543BC7BA-3620-4596-A340-7DB387F5BECF}.Release|Any CPU.Build.0 = Release|Any CPU
		{07ED0FE1-F576-4C47-9E6E-35D9D6AE05B3}.Debug|Any CPU.ActiveCfg = Debug|Any CPU
		{07ED0FE1-F576-4C47-9E6E-35D9D6AE05B3}.Debug|Any CPU.Build.0 = Debug|Any CPU
		{07ED0FE1-F576-4C47-9E6E-35D9D6AE05B3}.Debug|Any CPU.Deploy.0 = Debug|Any CPU
		{07ED0FE1-F576-4C47-9E6E-35D9D6AE05B3}.Release|Any CPU.ActiveCfg = Release|Any CPU
		{07ED0FE1-F576-4C47-9E6E-35D9D6AE05B3}.Release|Any CPU.Build.0 = Release|Any CPU
		{89D47565-8361-407A-BAFD-868A6BF50EDD}.Debug|Any CPU.ActiveCfg = Debug|Any CPU
		{89D47565-8361-407A-BAFD-868A6BF50EDD}.Debug|Any CPU.Build.0 = Debug|Any CPU
		{89D47565-8361-407A-BAFD-868A6BF50EDD}.Release|Any CPU.ActiveCfg = Release|Any CPU
		{89D47565-8361-407A-BAFD-868A6BF50EDD}.Release|Any CPU.Build.0 = Release|Any CPU
		{57A45A9C-A503-46A1-A2F6-E4041EC88472}.Debug|Any CPU.ActiveCfg = Debug|Any CPU
		{57A45A9C-A503-46A1-A2F6-E4041EC88472}.Debug|Any CPU.Build.0 = Debug|Any CPU
		{57A45A9C-A503-46A1-A2F6-E4041EC88472}.Release|Any CPU.ActiveCfg = Release|Any CPU
		{57A45A9C-A503-46A1-A2F6-E4041EC88472}.Release|Any CPU.Build.0 = Release|Any CPU
	EndGlobalSection
	GlobalSection(SolutionProperties) = preSolution
		HideSolutionNode = FALSE
	EndGlobalSection
	GlobalSection(ExtensibilityGlobals) = postSolution
		SolutionGuid = {8262BFEF-15E0-4278-85AA-B06C6ADB649F}
	EndGlobalSection
EndGlobal
